
Microsoft Visual Studio Solution File, Format Version 12.00
# Visual Studio 2012
Project("{FAE04EC0-301F-11D3-BF4B-00C04F79EFBC}") = "ExactCover", "ExactCover\ExactCover.csproj", "{D42BDB13-33A9-49ED-BFE5-809A23FC9041}"
EndProject
Project("{FAE04EC0-301F-11D3-BF4B-00C04F79EFBC}") = "ExactCover.Test", "ExactCover.Test\ExactCover.Test.csproj", "{55ECAE3A-2738-4581-A0F2-826F546F6B77}"
EndProject
Project("{2150E333-8FDC-42A3-9474-1A3956D46DE8}") = ".nuget", ".nuget", "{39B17EEE-29D5-4858-8A87-02C6DFF90A2A}"
	ProjectSection(SolutionItems) = preProject
		.nuget\NuGet.Config = .nuget\NuGet.Config
		.nuget\NuGet.exe = .nuget\NuGet.exe
		.nuget\NuGet.targets = .nuget\NuGet.targets
	EndProjectSection
EndProject
Global
	GlobalSection(SolutionConfigurationPlatforms) = preSolution
		Debug|Any CPU = Debug|Any CPU
		Release|Any CPU = Release|Any CPU
	EndGlobalSection
	GlobalSection(ProjectConfigurationPlatforms) = postSolution
		{D42BDB13-33A9-49ED-BFE5-809A23FC9041}.Debug|Any CPU.ActiveCfg = Debug|Any CPU
		{D42BDB13-33A9-49ED-BFE5-809A23FC9041}.Debug|Any CPU.Build.0 = Debug|Any CPU
		{D42BDB13-33A9-49ED-BFE5-809A23FC9041}.Release|Any CPU.ActiveCfg = Release|Any CPU
		{D42BDB13-33A9-49ED-BFE5-809A23FC9041}.Release|Any CPU.Build.0 = Release|Any CPU
		{55ECAE3A-2738-4581-A0F2-826F546F6B77}.Debug|Any CPU.ActiveCfg = Debug|Any CPU
		{55ECAE3A-2738-4581-A0F2-826F546F6B77}.Debug|Any CPU.Build.0 = Debug|Any CPU
		{55ECAE3A-2738-4581-A0F2-826F546F6B77}.Release|Any CPU.ActiveCfg = Release|Any CPU
		{55ECAE3A-2738-4581-A0F2-826F546F6B77}.Release|Any CPU.Build.0 = Release|Any CPU
	EndGlobalSection
	GlobalSection(SolutionProperties) = preSolution
		HideSolutionNode = FALSE
	EndGlobalSection
EndGlobal
